PODS:
  - ViewDeck (2.2.11)
  - ViewDeckSegue (0.1.0):
    - ViewDeck (~> 2.2.11)

DEPENDENCIES:
  - ViewDeckSegue (from `../.`)

EXTERNAL SOURCES:
  ViewDeckSegue:
    :path: ../.

SPEC CHECKSUMS:
  ViewDeck: b5eddc8559b0e47259ab7addbf2de6768061f139
  ViewDeckSegue: 9b1f728a9f9b6be9ec0163a6787f1cb8d5323d65

COCOAPODS: 0.26.2
